
Microsoft Visual Studio Solution File, Format Version 12.00
# Visual Studio Version 17
VisualStudioVersion = 17.2.32602.215
MinimumVisualStudioVersion = 10.0.40219.1
Project("{FAE04EC0-301F-11D3-BF4B-00C04F79EFBC}") = "WebAPITandemMixer", "WebAPITandemMixer\WebAPITandemMixer.csproj", "{59DDABD9-4BDD-4F5B-9DFD-8D94A7C650E8}"
EndProject
Global
	GlobalSection(SolutionConfigurationPlatforms) = preSolution
		Debug|Any CPU = Debug|Any CPU
		Release|Any CPU = Release|Any CPU
	EndGlobalSection
	GlobalSection(ProjectConfigurationPlatforms) = postSolution
		{59DDABD9-4BDD-4F5B-9DFD-8D94A7C650E8}.Debug|Any CPU.ActiveCfg = Debug|Any CPU
		{59DDABD9-4BDD-4F5B-9DFD-8D94A7C650E8}.Debug|Any CPU.Build.0 = Debug|Any CPU
		{59DDABD9-4BDD-4F5B-9DFD-8D94A7C650E8}.Release|Any CPU.ActiveCfg = Release|Any CPU
		{59DDABD9-4BDD-4F5B-9DFD-8D94A7C650E8}.Release|Any CPU.Build.0 = Release|Any CPU
	EndGlobalSection
	GlobalSection(SolutionProperties) = preSolution
		HideSolutionNode = FALSE
	EndGlobalSection
	GlobalSection(ExtensibilityGlobals) = postSolution
		SolutionGuid = {88BF0CA1-16D0-487D-B043-DABF7433E156}
	EndGlobalSection
EndGlobal
